// !$*UTF8*$!
{
	archiveVersion = 1;
	classes = {
	};
	objectVersion = 56;
	objects = {

/* Begin PBXBuildFile section */
		4329C3112B8F84C300662C81 /* AppDelegate.swift in Sources */ = {isa = PBXBuildFile; fileRef = 4329C3102B8F84C300662C81 /* AppDelegate.swift */; };
		4329C3132B8F84C300662C81 /* SceneDelegate.swift in Sources */ = {isa = PBXBuildFile; fileRef = 4329C3122B8F84C300662C81 /* SceneDelegate.swift */; };
		4329C31A2B8F84C400662C81 /* Assets.xcassets in Resources */ = {isa = PBXBuildFile; fileRef = 4329C3192B8F84C400662C81 /* Assets.xcassets */; };
		4329C31D2B8F84C400662C81 /* LaunchScreen.storyboard in Resources */ = {isa = PBXBuildFile; fileRef = 4329C31B2B8F84C400662C81 /* LaunchScreen.storyboard */; };
		4329C3252B8F85E100662C81 /* TCPHandler.swift in Sources */ = {isa = PBXBuildFile; fileRef = 4329C3242B8F85E100662C81 /* TCPHandler.swift */; };
		4329C3282B8F860F00662C81 /* XMLCoder in Frameworks */ = {isa = PBXBuildFile; productRef = 4329C3272B8F860F00662C81 /* XMLCoder */; };
		4329C32B2B8F86A400662C81 /* MainViewController.swift in Sources */ = {isa = PBXBuildFile; fileRef = 4329C32A2B8F86A400662C81 /* MainViewController.swift */; };
		4329C32D2B8F872100662C81 /* TCPSocketAddressHolder.swift in Sources */ = {isa = PBXBuildFile; fileRef = 4329C32C2B8F872100662C81 /* TCPSocketAddressHolder.swift */; };
		4329C32F2B8F875200662C81 /* TCPCommand.swift in Sources */ = {isa = PBXBuildFile; fileRef = 4329C32E2B8F875200662C81 /* TCPCommand.swift */; };
		4329C3312B8F876600662C81 /* TCPError.swift in Sources */ = {isa = PBXBuildFile; fileRef = 4329C3302B8F876600662C81 /* TCPError.swift */; };
		4329C3332B8F878100662C81 /* TCPSocketAddress.swift in Sources */ = {isa = PBXBuildFile; fileRef = 4329C3322B8F878100662C81 /* TCPSocketAddress.swift */; };
		4329C3362B8F87AF00662C81 /* RequestModel.swift in Sources */ = {isa = PBXBuildFile; fileRef = 4329C3352B8F87AF00662C81 /* RequestModel.swift */; };
		4329C3382B8F87C600662C81 /* ResponseModel.swift in Sources */ = {isa = PBXBuildFile; fileRef = 4329C3372B8F87C600662C81 /* ResponseModel.swift */; };
		4329C33A2B8F87DE00662C81 /* EmptyOutput.swift in Sources */ = {isa = PBXBuildFile; fileRef = 4329C3392B8F87DE00662C81 /* EmptyOutput.swift */; };
		4329C33C2B8F87F300662C81 /* EmptyInput.swift in Sources */ = {isa = PBXBuildFile; fileRef = 4329C33B2B8F87F300662C81 /* EmptyInput.swift */; };
		4329C33F2B8F88B800662C81 /* ResultExtensions.swift in Sources */ = {isa = PBXBuildFile; fileRef = 4329C33E2B8F88B800662C81 /* ResultExtensions.swift */; };
		4329C3412B8F8C3800662C81 /* UserInfoInput.swift in Sources */ = {isa = PBXBuildFile; fileRef = 4329C3402B8F8C3800662C81 /* UserInfoInput.swift */; };
/* End PBXBuildFile section */

/* Begin PBXFileReference section */
		4329C30D2B8F84C300662C81 /* AsyncNetworkTCP.app */ = {isa = PBXFileReference; explicitFileType = wrapper.application; includeInIndex = 0; path = AsyncNetworkTCP.app; sourceTree = BUILT_PRODUCTS_DIR; };
		4329C3102B8F84C300662C81 /* AppDelegate.swift */ = {isa = PBXFileReference; lastKnownFileType = sourcecode.swift; path = AppDelegate.swift; sourceTree = "<group>"; };
		4329C3122B8F84C300662C81 /* SceneDelegate.swift */ = {isa = PBXFileReference; lastKnownFileType = sourcecode.swift; path = SceneDelegate.swift; sourceTree = "<group>"; };
		4329C3192B8F84C400662C81 /* Assets.xcassets */ = {isa = PBXFileReference; lastKnownFileType = folder.assetcatalog; path = Assets.xcassets; sourceTree = "<group>"; };
		4329C31C2B8F84C400662C81 /* Base */ = {isa = PBXFileReference; lastKnownFileType = file.storyboard; name = Base; path = Base.lproj/LaunchScreen.storyboard; sourceTree = "<group>"; };
		4329C31E2B8F84C400662C81 /* Info.plist */ = {isa = PBXFileReference; lastKnownFileType = text.plist.xml; path = Info.plist; sourceTree = "<group>"; };
		4329C3242B8F85E100662C81 /* TCPHandler.swift */ = {isa = PBXFileReference; lastKnownFileType = sourcecode.swift; path = TCPHandler.swift; sourceTree = "<group>"; };
		4329C32A2B8F86A400662C81 /* MainViewController.swift */ = {isa = PBXFileReference; lastKnownFileType = sourcecode.swift; path = MainViewController.swift; sourceTree = "<group>"; };
		4329C32C2B8F872100662C81 /* TCPSocketAddressHolder.swift */ = {isa = PBXFileReference; lastKnownFileType = sourcecode.swift; path = TCPSocketAddressHolder.swift; sourceTree = "<group>"; };
		4329C32E2B8F875200662C81 /* TCPCommand.swift */ = {isa = PBXFileReference; lastKnownFileType = sourcecode.swift; path = TCPCommand.swift; sourceTree = "<group>"; };
		4329C3302B8F876600662C81 /* TCPError.swift */ = {isa = PBXFileReference; lastKnownFileType = sourcecode.swift; path = TCPError.swift; sourceTree = "<group>"; };
		4329C3322B8F878100662C81 /* TCPSocketAddress.swift */ = {isa = PBXFileReference; lastKnownFileType = sourcecode.swift; path = TCPSocketAddress.swift; sourceTree = "<group>"; };
		4329C3352B8F87AF00662C81 /* RequestModel.swift */ = {isa = PBXFileReference; lastKnownFileType = sourcecode.swift; path = RequestModel.swift; sourceTree = "<group>"; };
		4329C3372B8F87C600662C81 /* ResponseModel.swift */ = {isa = PBXFileReference; lastKnownFileType = sourcecode.swift; path = ResponseModel.swift; sourceTree = "<group>"; };
		4329C3392B8F87DE00662C81 /* EmptyOutput.swift */ = {isa = PBXFileReference; lastKnownFileType = sourcecode.swift; path = EmptyOutput.swift; sourceTree = "<group>"; };
		4329C33B2B8F87F300662C81 /* EmptyInput.swift */ = {isa = PBXFileReference; lastKnownFileType = sourcecode.swift; path = EmptyInput.swift; sourceTree = "<group>"; };
		4329C33E2B8F88B800662C81 /* ResultExtensions.swift */ = {isa = PBXFileReference; lastKnownFileType = sourcecode.swift; path = ResultExtensions.swift; sourceTree = "<group>"; };
		4329C3402B8F8C3800662C81 /* UserInfoInput.swift */ = {isa = PBXFileReference; lastKnownFileType = sourcecode.swift; path = UserInfoInput.swift; sourceTree = "<group>"; };
/* End PBXFileReference section */

/* Begin PBXFrameworksBuildPhase section */
		4329C30A2B8F84C300662C81 /* Frameworks */ = {
			isa = PBXFrameworksBuildPhase;
			buildActionMask = 2147483647;
			files = (
				4329C3282B8F860F00662C81 /* XMLCoder in Frameworks */,
			);
			runOnlyForDeploymentPostprocessing = 0;
		};
/* End PBXFrameworksBuildPhase section */

/* Begin PBXGroup section */
		4329C3042B8F84C300662C81 = {
			isa = PBXGroup;
			children = (
				4329C30F2B8F84C300662C81 /* AsyncNetworkTCP */,
				4329C30E2B8F84C300662C81 /* Products */,
			);
			sourceTree = "<group>";
		};
		4329C30E2B8F84C300662C81 /* Products */ = {
			isa = PBXGroup;
			children = (
				4329C30D2B8F84C300662C81 /* AsyncNetworkTCP.app */,
			);
			name = Products;
			sourceTree = "<group>";
		};
		4329C30F2B8F84C300662C81 /* AsyncNetworkTCP */ = {
			isa = PBXGroup;
			children = (
				4329C31E2B8F84C400662C81 /* Info.plist */,
				4329C3292B8F862E00662C81 /* Core */,
				4329C32A2B8F86A400662C81 /* MainViewController.swift */,
				4329C3242B8F85E100662C81 /* TCPHandler.swift */,
				4329C32C2B8F872100662C81 /* TCPSocketAddressHolder.swift */,
				4329C32E2B8F875200662C81 /* TCPCommand.swift */,
				4329C3302B8F876600662C81 /* TCPError.swift */,
				4329C3322B8F878100662C81 /* TCPSocketAddress.swift */,
				4329C33D2B8F889D00662C81 /* Extensions */,
				4329C3342B8F879600662C81 /* Models */,
			);
			path = AsyncNetworkTCP;
			sourceTree = "<group>";
		};
		4329C3292B8F862E00662C81 /* Core */ = {
			isa = PBXGroup;
			children = (
				4329C3102B8F84C300662C81 /* AppDelegate.swift */,
				4329C3122B8F84C300662C81 /* SceneDelegate.swift */,
				4329C3192B8F84C400662C81 /* Assets.xcassets */,
				4329C31B2B8F84C400662C81 /* LaunchScreen.storyboard */,
			);
			path = Core;
			sourceTree = "<group>";
		};
		4329C3342B8F879600662C81 /* Models */ = {
			isa = PBXGroup;
			children = (
				4329C3422B8F8C4000662C81 /* Request */,
				4329C3432B8F8C4700662C81 /* Response */,
			);
			path = Models;
			sourceTree = "<group>";
		};
		4329C33D2B8F889D00662C81 /* Extensions */ = {
			isa = PBXGroup;
			children = (
				4329C33E2B8F88B800662C81 /* ResultExtensions.swift */,
			);
			path = Extensions;
			sourceTree = "<group>";
		};
		4329C3422B8F8C4000662C81 /* Request */ = {
			isa = PBXGroup;
			children = (
				4329C3352B8F87AF00662C81 /* RequestModel.swift */,
				4329C3402B8F8C3800662C81 /* UserInfoInput.swift */,
				4329C33B2B8F87F300662C81 /* EmptyInput.swift */,
			);
			path = Request;
			sourceTree = "<group>";
		};
		4329C3432B8F8C4700662C81 /* Response */ = {
			isa = PBXGroup;
			children = (
				4329C3372B8F87C600662C81 /* ResponseModel.swift */,
				4329C3392B8F87DE00662C81 /* EmptyOutput.swift */,
			);
			path = Response;
			sourceTree = "<group>";
		};
/* End PBXGroup section */

/* Begin PBXNativeTarget section */
		4329C30C2B8F84C300662C81 /* AsyncNetworkTCP */ = {
			isa = PBXNativeTarget;
			buildConfigurationList = 4329C3212B8F84C400662C81 /* Build configuration list for PBXNativeTarget "AsyncNetworkTCP" */;
			buildPhases = (
				4329C3092B8F84C300662C81 /* Sources */,
				4329C30A2B8F84C300662C81 /* Frameworks */,
				4329C30B2B8F84C300662C81 /* Resources */,
			);
			buildRules = (
			);
			dependencies = (
			);
			name = AsyncNetworkTCP;
			packageProductDependencies = (
				4329C3272B8F860F00662C81 /* XMLCoder */,
			);
			productName = AsyncNetworkTCP;
			productReference = 4329C30D2B8F84C300662C81 /* AsyncNetworkTCP.app */;
			productType = "com.apple.product-type.application";
		};
/* End PBXNativeTarget section */

/* Begin PBXProject section */
		4329C3052B8F84C300662C81 /* Project object */ = {
			isa = PBXProject;
			attributes = {
				BuildIndependentTargetsInParallel = 1;
				LastSwiftUpdateCheck = 1520;
				LastUpgradeCheck = 1520;
				TargetAttributes = {
					4329C30C2B8F84C300662C81 = {
						CreatedOnToolsVersion = 15.2;
					};
				};
			};
			buildConfigurationList = 4329C3082B8F84C300662C81 /* Build configuration list for PBXProject "AsyncNetworkTCP" */;
			compatibilityVersion = "Xcode 14.0";
			developmentRegion = en;
			hasScannedForEncodings = 0;
			knownRegions = (
				en,
				Base,
			);
			mainGroup = 4329C3042B8F84C300662C81;
			packageReferences = (
				4329C3262B8F860F00662C81 /* XCRemoteSwiftPackageReference "XMLCoder" */,
			);
			productRefGroup = 4329C30E2B8F84C300662C81 /* Products */;
			projectDirPath = "";
			projectRoot = "";
			targets = (
				4329C30C2B8F84C300662C81 /* AsyncNetworkTCP */,
			);
		};
/* End PBXProject section */

/* Begin PBXResourcesBuildPhase section */
		4329C30B2B8F84C300662C81 /* Resources */ = {
			isa = PBXResourcesBuildPhase;
			buildActionMask = 2147483647;
			files = (
				4329C31D2B8F84C400662C81 /* LaunchScreen.storyboard in Resources */,
				4329C31A2B8F84C400662C81 /* Assets.xcassets in Resources */,
			);
			runOnlyForDeploymentPostprocessing = 0;
		};
/* End PBXResourcesBuildPhase section */

/* Begin PBXSourcesBuildPhase section */
		4329C3092B8F84C300662C81 /* Sources */ = {
			isa = PBXSourcesBuildPhase;
			buildActionMask = 2147483647;
			files = (
				4329C3252B8F85E100662C81 /* TCPHandler.swift in Sources */,
				4329C32F2B8F875200662C81 /* TCPCommand.swift in Sources */,
				4329C33A2B8F87DE00662C81 /* EmptyOutput.swift in Sources */,
				4329C3312B8F876600662C81 /* TCPError.swift in Sources */,
				4329C3112B8F84C300662C81 /* AppDelegate.swift in Sources */,
				4329C3132B8F84C300662C81 /* SceneDelegate.swift in Sources */,
				4329C33C2B8F87F300662C81 /* EmptyInput.swift in Sources */,
				4329C3412B8F8C3800662C81 /* UserInfoInput.swift in Sources */,
				4329C3362B8F87AF00662C81 /* RequestModel.swift in Sources */,
				4329C32D2B8F872100662C81 /* TCPSocketAddressHolder.swift in Sources */,
				4329C32B2B8F86A400662C81 /* MainViewController.swift in Sources */,
				4329C33F2B8F88B800662C81 /* ResultExtensions.swift in Sources */,
				4329C3382B8F87C600662C81 /* ResponseModel.swift in Sources */,
				4329C3332B8F878100662C81 /* TCPSocketAddress.swift in Sources */,
			);
			runOnlyForDeploymentPostprocessing = 0;
		};
/* End PBXSourcesBuildPhase section */

/* Begin PBXVariantGroup section */
		4329C31B2B8F84C400662C81 /* LaunchScreen.storyboard */ = {
			isa = PBXVariantGroup;
			children = (
				4329C31C2B8F84C400662C81 /* Base */,
			);
			name = LaunchScreen.storyboard;
			sourceTree = "<group>";
		};
/* End PBXVariantGroup section */

/* Begin XCBuildConfiguration section */
		4329C31F2B8F84C400662C81 /* Debug */ = {
			isa = XCBuildConfiguration;
			buildSettings = {
				ALWAYS_SEARCH_USER_PATHS = NO;
				ASSETCATALOG_COMPILER_GENERATE_SWIFT_ASSET_SYMBOL_EXTENSIONS = YES;
				CLANG_ANALYZER_NONNULL = YES;
				CLANG_ANALYZER_NUMBER_OBJECT_CONVERSION = YES_AGGRESSIVE;
				CLANG_CXX_LANGUAGE_STANDARD = "gnu++20";
				CLANG_ENABLE_MODULES = YES;
				CLANG_ENABLE_OBJC_ARC = YES;
				CLANG_ENABLE_OBJC_WEAK = YES;
				CLANG_WARN_BLOCK_CAPTURE_AUTORELEASING = YES;
				CLANG_WARN_BOOL_CONVERSION = YES;
				CLANG_WARN_COMMA = YES;
				CLANG_WARN_CONSTANT_CONVERSION = YES;
				CLANG_WARN_DEPRECATED_OBJC_IMPLEMENTATIONS = YES;
				CLANG_WARN_DIRECT_OBJC_ISA_USAGE = YES_ERROR;
				CLANG_WARN_DOCUMENTATION_COMMENTS = YES;
				CLANG_WARN_EMPTY_BODY = YES;
				CLANG_WARN_ENUM_CONVERSION = YES;
				CLANG_WARN_INFINITE_RECURSION = YES;
				CLANG_WARN_INT_CONVERSION = YES;
				CLANG_WARN_NON_LITERAL_NULL_CONVERSION = YES;
				CLANG_WARN_OBJC_IMPLICIT_RETAIN_SELF = YES;
				CLANG_WARN_OBJC_LITERAL_CONVERSION = YES;
				CLANG_WARN_OBJC_ROOT_CLASS = YES_ERROR;
				CLANG_WARN_QUOTED_INCLUDE_IN_FRAMEWORK_HEADER = YES;
				CLANG_WARN_RANGE_LOOP_ANALYSIS = YES;
				CLANG_WARN_STRICT_PROTOTYPES = YES;
				CLANG_WARN_SUSPICIOUS_MOVE = YES;
				CLANG_WARN_UNGUARDED_AVAILABILITY = YES_AGGRESSIVE;
				CLANG_WARN_UNREACHABLE_CODE = YES;
				CLANG_WARN__DUPLICATE_METHOD_MATCH = YES;
				COPY_PHASE_STRIP = NO;
				DEBUG_INFORMATION_FORMAT = dwarf;
				ENABLE_STRICT_OBJC_MSGSEND = YES;
				ENABLE_TESTABILITY = YES;
				ENABLE_USER_SCRIPT_SANDBOXING = YES;
				GCC_C_LANGUAGE_STANDARD = gnu17;
				GCC_DYNAMIC_NO_PIC = NO;
				GCC_NO_COMMON_BLOCKS = YES;
				GCC_OPTIMIZATION_LEVEL = 0;
				GCC_PREPROCESSOR_DEFINITIONS = (
					"DEBUG=1",
					"$(inherited)",
				);
				GCC_WARN_64_TO_32_BIT_CONVERSION = YES;
				GCC_WARN_ABOUT_RETURN_TYPE = YES_ERROR;
				GCC_WARN_UNDECLARED_SELECTOR = YES;
				GCC_WARN_UNINITIALIZED_AUTOS = YES_AGGRESSIVE;
				GCC_WARN_UNUSED_FUNCTION = YES;
				GCC_WARN_UNUSED_VARIABLE = YES;
				IPHONEOS_DEPLOYMENT_TARGET = 17.2;
				LOCALIZATION_PREFERS_STRING_CATALOGS = YES;
				MTL_ENABLE_DEBUG_INFO = INCLUDE_SOURCE;
				MTL_FAST_MATH = YES;
				ONLY_ACTIVE_ARCH = YES;
				SDKROOT = iphoneos;
				SWIFT_ACTIVE_COMPILATION_CONDITIONS = "DEBUG $(inherited)";
				SWIFT_OPTIMIZATION_LEVEL = "-Onone";
			};
			name = Debug;
		};
		4329C3202B8F84C400662C81 /* Release */ = {
			isa = XCBuildConfiguration;
			buildSettings = {
				ALWAYS_SEARCH_USER_PATHS = NO;
				ASSETCATALOG_COMPILER_GENERATE_SWIFT_ASSET_SYMBOL_EXTENSIONS = YES;
				CLANG_ANALYZER_NONNULL = YES;
				CLANG_ANALYZER_NUMBER_OBJECT_CONVERSION = YES_AGGRESSIVE;
				CLANG_CXX_LANGUAGE_STANDARD = "gnu++20";
				CLANG_ENABLE_MODULES = YES;
				CLANG_ENABLE_OBJC_ARC = YES;
				CLANG_ENABLE_OBJC_WEAK = YES;
				CLANG_WARN_BLOCK_CAPTURE_AUTORELEASING = YES;
				CLANG_WARN_BOOL_CONVERSION = YES;
				CLANG_WARN_COMMA = YES;
				CLANG_WARN_CONSTANT_CONVERSION = YES;
				CLANG_WARN_DEPRECATED_OBJC_IMPLEMENTATIONS = YES;
				CLANG_WARN_DIRECT_OBJC_ISA_USAGE = YES_ERROR;
				CLANG_WARN_DOCUMENTATION_COMMENTS = YES;
				CLANG_WARN_EMPTY_BODY = YES;
				CLANG_WARN_ENUM_CONVERSION = YES;
				CLANG_WARN_INFINITE_RECURSION = YES;
				CLANG_WARN_INT_CONVERSION = YES;
				CLANG_WARN_NON_LITERAL_NULL_CONVERSION = YES;
				CLANG_WARN_OBJC_IMPLICIT_RETAIN_SELF = YES;
				CLANG_WARN_OBJC_LITERAL_CONVERSION = YES;
				CLANG_WARN_OBJC_ROOT_CLASS = YES_ERROR;
				CLANG_WARN_QUOTED_INCLUDE_IN_FRAMEWORK_HEADER = YES;
				CLANG_WARN_RANGE_LOOP_ANALYSIS = YES;
				CLANG_WARN_STRICT_PROTOTYPES = YES;
				CLANG_WARN_SUSPICIOUS_MOVE = YES;
				CLANG_WARN_UNGUARDED_AVAILABILITY = YES_AGGRESSIVE;
				CLANG_WARN_UNREACHABLE_CODE = YES;
				CLANG_WARN__DUPLICATE_METHOD_MATCH = YES;
				COPY_PHASE_STRIP = NO;
				DEBUG_INFORMATION_FORMAT = "dwarf-with-dsym";
				ENABLE_NS_ASSERTIONS = NO;
				ENABLE_STRICT_OBJC_MSGSEND = YES;
				ENABLE_USER_SCRIPT_SANDBOXING = YES;
				GCC_C_LANGUAGE_STANDARD = gnu17;
				GCC_NO_COMMON_BLOCKS = YES;
				GCC_WARN_64_TO_32_BIT_CONVERSION = YES;
				GCC_WARN_ABOUT_RETURN_TYPE = YES_ERROR;
				GCC_WARN_UNDECLARED_SELECTOR = YES;
				GCC_WARN_UNINITIALIZED_AUTOS = YES_AGGRESSIVE;
				GCC_WARN_UNUSED_FUNCTION = YES;
				GCC_WARN_UNUSED_VARIABLE = YES;
				IPHONEOS_DEPLOYMENT_TARGET = 17.2;
				LOCALIZATION_PREFERS_STRING_CATALOGS = YES;
				MTL_ENABLE_DEBUG_INFO = NO;
				MTL_FAST_MATH = YES;
				SDKROOT = iphoneos;
				SWIFT_COMPILATION_MODE = wholemodule;
				VALIDATE_PRODUCT = YES;
			};
			name = Release;
		};
		4329C3222B8F84C400662C81 /* Debug */ = {
			isa = XCBuildConfiguration;
			buildSettings = {
				ASSETCATALOG_COMPILER_APPICON_NAME = AppIcon;
				ASSETCATALOG_COMPILER_GLOBAL_ACCENT_COLOR_NAME = AccentColor;
				CODE_SIGN_STYLE = Automatic;
				CURRENT_PROJECT_VERSION = 1;
				DEVELOPMENT_TEAM = 3U2JR7F29N;
				GENERATE_INFOPLIST_FILE = YES;
				INFOPLIST_FILE = AsyncNetworkTCP/Info.plist;
				INFOPLIST_KEY_UIApplicationSupportsIndirectInputEvents = YES;
				INFOPLIST_KEY_UILaunchStoryboardName = LaunchScreen;
				INFOPLIST_KEY_UISupportedInterfaceOrientations_iPad = "UIInterfaceOrientationPortrait UIInterfaceOrientationPortraitUpsideDown UIInterfaceOrientationLandscapeLeft UIInterfaceOrientationLandscapeRight";
				INFOPLIST_KEY_UISupportedInterfaceOrientations_iPhone = "UIInterfaceOrientationPortrait UIInterfaceOrientationLandscapeLeft UIInterfaceOrientationLandscapeRight";
				LD_RUNPATH_SEARCH_PATHS = (
					"$(inherited)",
					"@executable_path/Frameworks",
				);
				MARKETING_VERSION = 1.0;
				PRODUCT_BUNDLE_IDENTIFIER = com.jun.AsyncNetworkTCP;
				PRODUCT_NAME = "$(TARGET_NAME)";
				SWIFT_EMIT_LOC_STRINGS = YES;
				SWIFT_VERSION = 5.0;
				TARGETED_DEVICE_FAMILY = "1,2";
			};
			name = Debug;
		};
		4329C3232B8F84C400662C81 /* Release */ = {
			isa = XCBuildConfiguration;
			buildSettings = {
				ASSETCATALOG_COMPILER_APPICON_NAME = AppIcon;
				ASSETCATALOG_COMPILER_GLOBAL_ACCENT_COLOR_NAME = AccentColor;
				CODE_SIGN_STYLE = Automatic;
				CURRENT_PROJECT_VERSION = 1;
				DEVELOPMENT_TEAM = 3U2JR7F29N;
				GENERATE_INFOPLIST_FILE = YES;
				INFOPLIST_FILE = AsyncNetworkTCP/Info.plist;
				INFOPLIST_KEY_UIApplicationSupportsIndirectInputEvents = YES;
				INFOPLIST_KEY_UILaunchStoryboardName = LaunchScreen;
				INFOPLIST_KEY_UISupportedInterfaceOrientations_iPad = "UIInterfaceOrientationPortrait UIInterfaceOrientationPortraitUpsideDown UIInterfaceOrientationLandscapeLeft UIInterfaceOrientationLandscapeRight";
				INFOPLIST_KEY_UISupportedInterfaceOrientations_iPhone = "UIInterfaceOrientationPortrait UIInterfaceOrientationLandscapeLeft UIInterfaceOrientationLandscapeRight";
				LD_RUNPATH_SEARCH_PATHS = (
					"$(inherited)",
					"@executable_path/Frameworks",
				);
				MARKETING_VERSION = 1.0;
				PRODUCT_BUNDLE_IDENTIFIER = com.jun.AsyncNetworkTCP;
				PRODUCT_NAME = "$(TARGET_NAME)";
				SWIFT_EMIT_LOC_STRINGS = YES;
				SWIFT_VERSION = 5.0;
				TARGETED_DEVICE_FAMILY = "1,2";
			};
			name = Release;
		};
/* End XCBuildConfiguration section */

/* Begin XCConfigurationList section */
		4329C3082B8F84C300662C81 /* Build configuration list for PBXProject "AsyncNetworkTCP" */ = {
			isa = XCConfigurationList;
			buildConfigurations = (
				4329C31F2B8F84C400662C81 /* Debug */,
				4329C3202B8F84C400662C81 /* Release */,
			);
			defaultConfigurationIsVisible = 0;
			defaultConfigurationName = Release;
		};
		4329C3212B8F84C400662C81 /* Build configuration list for PBXNativeTarget "AsyncNetworkTCP" */ = {
			isa = XCConfigurationList;
			buildConfigurations = (
				4329C3222B8F84C400662C81 /* Debug */,
				4329C3232B8F84C400662C81 /* Release */,
			);
			defaultConfigurationIsVisible = 0;
			defaultConfigurationName = Release;
		};
/* End XCConfigurationList section */

/* Begin XCRemoteSwiftPackageReference section */
		4329C3262B8F860F00662C81 /* XCRemoteSwiftPackageReference "XMLCoder" */ = {
			isa = XCRemoteSwiftPackageReference;
			repositoryURL = "https://github.com/CoreOffice/XMLCoder.git";
			requirement = {
				kind = upToNextMajorVersion;
				minimumVersion = 0.17.1;
			};
		};
/* End XCRemoteSwiftPackageReference section */

/* Begin XCSwiftPackageProductDependency section */
		4329C3272B8F860F00662C81 /* XMLCoder */ = {
			isa = XCSwiftPackageProductDependency;
			package = 4329C3262B8F860F00662C81 /* XCRemoteSwiftPackageReference "XMLCoder" */;
			productName = XMLCoder;
		};
/* End XCSwiftPackageProductDependency section */
	};
	rootObject = 4329C3052B8F84C300662C81 /* Project object */;
}
